
Microsoft Visual Studio Solution File, Format Version 12.00
# Visual Studio 15
VisualStudioVersion = 15.0.27703.2000
MinimumVisualStudioVersion = 10.0.40219.1
Project("{FAE04EC0-301F-11D3-BF4B-00C04F79EFBC}") = "ComparisonAssistant", "ComparisonAssistant\ComparisonAssistant.csproj", "{A5C2B8C5-A6EC-47F4-B2F0-50CE4422EA7A}"
EndProject
Global
	GlobalSection(SolutionConfigurationPlatforms) = preSolution
		Debug|Any CPU = Debug|Any CPU
		Release|Any CPU = Release|Any CPU
	EndGlobalSection
	GlobalSection(ProjectConfigurationPlatforms) = postSolution
		{A5C2B8C5-A6EC-47F4-B2F0-50CE4422EA7A}.Debug|Any CPU.ActiveCfg = Debug|Any CPU
		{A5C2B8C5-A6EC-47F4-B2F0-50CE4422EA7A}.Debug|Any CPU.Build.0 = Debug|Any CPU
		{A5C2B8C5-A6EC-47F4-B2F0-50CE4422EA7A}.Release|Any CPU.ActiveCfg = Release|Any CPU
		{A5C2B8C5-A6EC-47F4-B2F0-50CE4422EA7A}.Release|Any CPU.Build.0 = Release|Any CPU
	EndGlobalSection
	GlobalSection(SolutionProperties) = preSolution
		HideSolutionNode = FALSE
	EndGlobalSection
	GlobalSection(ExtensibilityGlobals) = postSolution
		SolutionGuid = {AA072F1A-F482-4994-88D2-BA525E30B461}
	EndGlobalSection
EndGlobal
